
Microsoft Visual Studio Solution File, Format Version 12.00
# Visual Studio Version 17
VisualStudioVersion = 17.0.31903.59
MinimumVisualStudioVersion = 10.0.40219.1
Project("{FAE04EC0-301F-11D3-BF4B-00C04F79EFBC}") = "CleanArchMvc.Application", "CleanArchMvc.Application\CleanArchMvc.Application.csproj", "{76EF02AC-93B0-4CB3-8FEC-69647F83EDE3}"
EndProject
Project("{FAE04EC0-301F-11D3-BF4B-00C04F79EFBC}") = "CleanArchMvc.Domain", "CleanArchMvc.Domain\CleanArchMvc.Domain.csproj", "{34278E74-7829-4242-960A-3E8E79D11644}"
EndProject
Project("{FAE04EC0-301F-11D3-BF4B-00C04F79EFBC}") = "CleanArchMvc.Infra.Data", "CleanArchMvc.Infra.Data\CleanArchMvc.Infra.Data.csproj", "{F2FE042F-5A1D-4F91-8624-70D1503FFFC9}"
EndProject
Project("{FAE04EC0-301F-11D3-BF4B-00C04F79EFBC}") = "CleanArchMvc.Infra.IoC", "CleanArchMvc.Infra.IoC\CleanArchMvc.Infra.IoC.csproj", "{FB151737-E3A6-47F3-AB0D-09A2AE7D1A3B}"
EndProject
Project("{FAE04EC0-301F-11D3-BF4B-00C04F79EFBC}") = "CleanArchMvc.WebUI", "CleanArchMvc.WebUI\CleanArchMvc.WebUI.csproj", "{7CB68488-9C10-4B78-91F0-0849ED9E7C66}"
EndProject
Global
	GlobalSection(SolutionConfigurationPlatforms) = preSolution
		Debug|Any CPU = Debug|Any CPU
		Release|Any CPU = Release|Any CPU
	EndGlobalSection
	GlobalSection(SolutionProperties) = preSolution
		HideSolutionNode = FALSE
	EndGlobalSection
	GlobalSection(ProjectConfigurationPlatforms) = postSolution
		{76EF02AC-93B0-4CB3-8FEC-69647F83EDE3}.Debug|Any CPU.ActiveCfg = Debug|Any CPU
		{76EF02AC-93B0-4CB3-8FEC-69647F83EDE3}.Debug|Any CPU.Build.0 = Debug|Any CPU
		{76EF02AC-93B0-4CB3-8FEC-69647F83EDE3}.Release|Any CPU.ActiveCfg = Release|Any CPU
		{76EF02AC-93B0-4CB3-8FEC-69647F83EDE3}.Release|Any CPU.Build.0 = Release|Any CPU
		{34278E74-7829-4242-960A-3E8E79D11644}.Debug|Any CPU.ActiveCfg = Debug|Any CPU
		{34278E74-7829-4242-960A-3E8E79D11644}.Debug|Any CPU.Build.0 = Debug|Any CPU
		{34278E74-7829-4242-960A-3E8E79D11644}.Release|Any CPU.ActiveCfg = Release|Any CPU
		{34278E74-7829-4242-960A-3E8E79D11644}.Release|Any CPU.Build.0 = Release|Any CPU
		{F2FE042F-5A1D-4F91-8624-70D1503FFFC9}.Debug|Any CPU.ActiveCfg = Debug|Any CPU
		{F2FE042F-5A1D-4F91-8624-70D1503FFFC9}.Debug|Any CPU.Build.0 = Debug|Any CPU
		{F2FE042F-5A1D-4F91-8624-70D1503FFFC9}.Release|Any CPU.ActiveCfg = Release|Any CPU
		{F2FE042F-5A1D-4F91-8624-70D1503FFFC9}.Release|Any CPU.Build.0 = Release|Any CPU
		{FB151737-E3A6-47F3-AB0D-09A2AE7D1A3B}.Debug|Any CPU.ActiveCfg = Debug|Any CPU
		{FB151737-E3A6-47F3-AB0D-09A2AE7D1A3B}.Debug|Any CPU.Build.0 = Debug|Any CPU
		{FB151737-E3A6-47F3-AB0D-09A2AE7D1A3B}.Release|Any CPU.ActiveCfg = Release|Any CPU
		{FB151737-E3A6-47F3-AB0D-09A2AE7D1A3B}.Release|Any CPU.Build.0 = Release|Any CPU
		{7CB68488-9C10-4B78-91F0-0849ED9E7C66}.Debug|Any CPU.ActiveCfg = Debug|Any CPU
		{7CB68488-9C10-4B78-91F0-0849ED9E7C66}.Debug|Any CPU.Build.0 = Debug|Any CPU
		{7CB68488-9C10-4B78-91F0-0849ED9E7C66}.Release|Any CPU.ActiveCfg = Release|Any CPU
		{7CB68488-9C10-4B78-91F0-0849ED9E7C66}.Release|Any CPU.Build.0 = Release|Any CPU
	EndGlobalSection
EndGlobal
